
Microsoft Visual Studio Solution File, Format Version 12.00
# Visual Studio Version 16
VisualStudioVersion = 16.0.29102.190
MinimumVisualStudioVersion = 10.0.40219.1
Project("{FAE04EC0-301F-11D3-BF4B-00C04F79EFBC}") = "FNFNTOOLS", "FNFNTOOLS\FNFNTOOLS.csproj", "{7743538C-0882-4C23-8EA7-09CF9925B4CE}"
EndProject
Global
	GlobalSection(SolutionConfigurationPlatforms) = preSolution
		Debug|Any CPU = Debug|Any CPU
		Release|Any CPU = Release|Any CPU
	EndGlobalSection
	GlobalSection(ProjectConfigurationPlatforms) = postSolution
		{7743538C-0882-4C23-8EA7-09CF9925B4CE}.Debug|Any CPU.ActiveCfg = Debug|Any CPU
		{7743538C-0882-4C23-8EA7-09CF9925B4CE}.Debug|Any CPU.Build.0 = Debug|Any CPU
		{7743538C-0882-4C23-8EA7-09CF9925B4CE}.Release|Any CPU.ActiveCfg = Release|Any CPU
		{7743538C-0882-4C23-8EA7-09CF9925B4CE}.Release|Any CPU.Build.0 = Release|Any CPU
	EndGlobalSection
	GlobalSection(SolutionProperties) = preSolution
		HideSolutionNode = FALSE
	EndGlobalSection
	GlobalSection(ExtensibilityGlobals) = postSolution
		SolutionGuid = {EC097837-0228-4C75-A76A-BF36A2E09D67}
	EndGlobalSection
EndGlobal
